
Microsoft Visual Studio Solution File, Format Version 12.00
# Visual Studio 14
VisualStudioVersion = 14.0.24720.0
MinimumVisualStudioVersion = 10.0.40219.1
Project("{F2A71F9B-5D33-465A-A702-920D77279786}") = "Scraper", "Scraper\Scraper.fsproj", "{D5BDAD5F-C0E6-4AD8-80DB-1E92647148FB}"
EndProject
Project("{F2A71F9B-5D33-465A-A702-920D77279786}") = "DataMining", "DataMining\DataMining.fsproj", "{EDC19EDC-62E2-4891-92F4-6A613E233C0F}"
EndProject
Project("{F2A71F9B-5D33-465A-A702-920D77279786}") = "Database", "Database\Database.fsproj", "{026581D1-6432-42B1-8DA7-2D9C7B5E17E5}"
EndProject
Global
	GlobalSection(SolutionConfigurationPlatforms) = preSolution
		Debug|Any CPU = Debug|Any CPU
		Release|Any CPU = Release|Any CPU
	EndGlobalSection
	GlobalSection(ProjectConfigurationPlatforms) = postSolution
		{D5BDAD5F-C0E6-4AD8-80DB-1E92647148FB}.Debug|Any CPU.ActiveCfg = Debug|Any CPU
		{D5BDAD5F-C0E6-4AD8-80DB-1E92647148FB}.Debug|Any CPU.Build.0 = Debug|Any CPU
		{D5BDAD5F-C0E6-4AD8-80DB-1E92647148FB}.Release|Any CPU.ActiveCfg = Release|Any CPU
		{D5BDAD5F-C0E6-4AD8-80DB-1E92647148FB}.Release|Any CPU.Build.0 = Release|Any CPU
		{EDC19EDC-62E2-4891-92F4-6A613E233C0F}.Debug|Any CPU.ActiveCfg = Debug|Any CPU
		{EDC19EDC-62E2-4891-92F4-6A613E233C0F}.Debug|Any CPU.Build.0 = Debug|Any CPU
		{EDC19EDC-62E2-4891-92F4-6A613E233C0F}.Release|Any CPU.ActiveCfg = Release|Any CPU
		{EDC19EDC-62E2-4891-92F4-6A613E233C0F}.Release|Any CPU.Build.0 = Release|Any CPU
		{026581D1-6432-42B1-8DA7-2D9C7B5E17E5}.Debug|Any CPU.ActiveCfg = Debug|Any CPU
		{026581D1-6432-42B1-8DA7-2D9C7B5E17E5}.Debug|Any CPU.Build.0 = Debug|Any CPU
		{026581D1-6432-42B1-8DA7-2D9C7B5E17E5}.Release|Any CPU.ActiveCfg = Release|Any CPU
		{026581D1-6432-42B1-8DA7-2D9C7B5E17E5}.Release|Any CPU.Build.0 = Release|Any CPU
	EndGlobalSection
	GlobalSection(SolutionProperties) = preSolution
		HideSolutionNode = FALSE
	EndGlobalSection
EndGlobal
